mystage:
  cmd: python train.py
  deps:
  - path: data
    md5: 2a9e7399e02037c71f2609c951a828fd.dir
  - path: train.py
    md5: eeceaa55721508a73e97e72961f9c076
  outs:
  - path: classes.csv
    md5: 81fab834706a6db481acc998343cdfc0
  - path: estimators.csv
    md5: bf62f66539fca9e5ab947e7e54cf403e
  - path: metrics.json
    md5: 0348373cb3536e1af3bf14884bafd09a
