mystage:
  cmd: python train.py
  deps:
  - path: data
    md5: 2a9e7399e02037c71f2609c951a828fd.dir
  - path: train.py
    md5: 4748d45f0e33d2008e95feff23f99a6e
  outs:
  - path: classes.csv
    md5: 2178be161bf5ee3b2e9a14d77bc781be
  - path: estimators.csv
    md5: 757e3b54f07d34e781aa0a4e65d9a6cb
  - path: metrics.json
    md5: 6542f28cdb8209574c2bea8b45d01a55
