mystage:
  cmd: python train.py
  deps:
  - path: data
    md5: 2a9e7399e02037c71f2609c951a828fd.dir
  - path: train.py
    md5: d737f31c26e782155b0120ccc1f65e9b
  outs:
  - path: classes.csv
    md5: c9f2fab4979f8bcfa90d22e254e721b9
  - path: estimators.csv
    md5: 1e7a95a5aff975b908530c4b4850b3e7
  - path: metrics.json
    md5: 7ca5c930e9b945cd40e32081bf3afe44
